
Microsoft Visual Studio Solution File, Format Version 12.00
# Visual Studio Version 16
VisualStudioVersion = 16.0.30011.22
MinimumVisualStudioVersion = 10.0.40219.1
Project("{2150E333-8FDC-42A3-9474-1A3956D46DE8}") = "Input Validation", "Input Validation", "{E32F4D4E-D449-4002-98BD-9F06F450F11F}"
EndProject
Project("{FAE04EC0-301F-11D3-BF4B-00C04F79EFBC}") = "codetesting.inputvalidation", "codetesting.inputvalidation\codetesting.inputvalidation.csproj", "{1F11C72F-61C4-4081-A329-52555AADB16E}"
EndProject
Project("{FAE04EC0-301F-11D3-BF4B-00C04F79EFBC}") = "codetesting.inputvalidation.tests", "codetesting.inputvalidation.tests\codetesting.inputvalidation.tests.csproj", "{BADD00E9-8380-4C4D-A08E-C11678785244}"
EndProject
Global
	GlobalSection(SolutionConfigurationPlatforms) = preSolution
		Debug|Any CPU = Debug|Any CPU
		Release|Any CPU = Release|Any CPU
	EndGlobalSection
	GlobalSection(ProjectConfigurationPlatforms) = postSolution
		{1F11C72F-61C4-4081-A329-52555AADB16E}.Debug|Any CPU.ActiveCfg = Debug|Any CPU
		{1F11C72F-61C4-4081-A329-52555AADB16E}.Debug|Any CPU.Build.0 = Debug|Any CPU
		{1F11C72F-61C4-4081-A329-52555AADB16E}.Release|Any CPU.ActiveCfg = Release|Any CPU
		{1F11C72F-61C4-4081-A329-52555AADB16E}.Release|Any CPU.Build.0 = Release|Any CPU
		{BADD00E9-8380-4C4D-A08E-C11678785244}.Debug|Any CPU.ActiveCfg = Debug|Any CPU
		{BADD00E9-8380-4C4D-A08E-C11678785244}.Debug|Any CPU.Build.0 = Debug|Any CPU
		{BADD00E9-8380-4C4D-A08E-C11678785244}.Release|Any CPU.ActiveCfg = Release|Any CPU
		{BADD00E9-8380-4C4D-A08E-C11678785244}.Release|Any CPU.Build.0 = Release|Any CPU
	EndGlobalSection
	GlobalSection(SolutionProperties) = preSolution
		HideSolutionNode = FALSE
	EndGlobalSection
	GlobalSection(NestedProjects) = preSolution
		{1F11C72F-61C4-4081-A329-52555AADB16E} = {E32F4D4E-D449-4002-98BD-9F06F450F11F}
		{BADD00E9-8380-4C4D-A08E-C11678785244} = {E32F4D4E-D449-4002-98BD-9F06F450F11F}
	EndGlobalSection
	GlobalSection(ExtensibilityGlobals) = postSolution
		SolutionGuid = {403F9939-E67F-446D-845F-5C2D3A4131B7}
	EndGlobalSection
EndGlobal
